
Microsoft Visual Studio Solution File, Format Version 12.00
# Visual Studio Version 17
VisualStudioVersion = 17.3.32929.385
MinimumVisualStudioVersion = 10.0.40219.1
Project("{FAE04EC0-301F-11D3-BF4B-00C04F79EFBC}") = "SumStrings as Numbers Kata", "SumStrings as Numbers Kata\SumStrings as Numbers Kata.csproj", "{5405EEB5-4E1C-493B-8FE3-0739E8ADE22D}"
EndProject
Global
	GlobalSection(SolutionConfigurationPlatforms) = preSolution
		Debug|Any CPU = Debug|Any CPU
		Release|Any CPU = Release|Any CPU
	EndGlobalSection
	GlobalSection(ProjectConfigurationPlatforms) = postSolution
		{5405EEB5-4E1C-493B-8FE3-0739E8ADE22D}.Debug|Any CPU.ActiveCfg = Debug|Any CPU
		{5405EEB5-4E1C-493B-8FE3-0739E8ADE22D}.Debug|Any CPU.Build.0 = Debug|Any CPU
		{5405EEB5-4E1C-493B-8FE3-0739E8ADE22D}.Release|Any CPU.ActiveCfg = Release|Any CPU
		{5405EEB5-4E1C-493B-8FE3-0739E8ADE22D}.Release|Any CPU.Build.0 = Release|Any CPU
	EndGlobalSection
	GlobalSection(SolutionProperties) = preSolution
		HideSolutionNode = FALSE
	EndGlobalSection
	GlobalSection(ExtensibilityGlobals) = postSolution
		SolutionGuid = {4AF3F633-4E33-432A-985B-A4600A8A38FC}
	EndGlobalSection
EndGlobal
