
Microsoft Visual Studio Solution File, Format Version 12.00
# Visual Studio Version 17
VisualStudioVersion = 17.3.32929.385
MinimumVisualStudioVersion = 10.0.40219.1
Project("{FAE04EC0-301F-11D3-BF4B-00C04F79EFBC}") = "ArrayandListLesson", "ArrayandListLesson\ArrayandListLesson.csproj", "{08526897-668E-4C85-A338-4ACF77AF5EE2}"
EndProject
Global
	GlobalSection(SolutionConfigurationPlatforms) = preSolution
		Debug|Any CPU = Debug|Any CPU
		Release|Any CPU = Release|Any CPU
	EndGlobalSection
	GlobalSection(ProjectConfigurationPlatforms) = postSolution
		{08526897-668E-4C85-A338-4ACF77AF5EE2}.Debug|Any CPU.ActiveCfg = Debug|Any CPU
		{08526897-668E-4C85-A338-4ACF77AF5EE2}.Debug|Any CPU.Build.0 = Debug|Any CPU
		{08526897-668E-4C85-A338-4ACF77AF5EE2}.Release|Any CPU.ActiveCfg = Release|Any CPU
		{08526897-668E-4C85-A338-4ACF77AF5EE2}.Release|Any CPU.Build.0 = Release|Any CPU
	EndGlobalSection
	GlobalSection(SolutionProperties) = preSolution
		HideSolutionNode = FALSE
	EndGlobalSection
	GlobalSection(ExtensibilityGlobals) = postSolution
		SolutionGuid = {E89DDA97-B1FB-4403-BB86-85ADB3516629}
	EndGlobalSection
EndGlobal
