
Microsoft Visual Studio Solution File, Format Version 12.00
# Visual Studio Version 17
VisualStudioVersion = 17.3.32929.385
MinimumVisualStudioVersion = 10.0.40219.1
Project("{FAE04EC0-301F-11D3-BF4B-00C04F79EFBC}") = "W3_CSharp_Operators", "W3_CSharp_Operators\W3_CSharp_Operators.csproj", "{E54BF658-1C90-4E23-A681-B8E739E1BBBA}"
EndProject
Global
	GlobalSection(SolutionConfigurationPlatforms) = preSolution
		Debug|Any CPU = Debug|Any CPU
		Release|Any CPU = Release|Any CPU
	EndGlobalSection
	GlobalSection(ProjectConfigurationPlatforms) = postSolution
		{E54BF658-1C90-4E23-A681-B8E739E1BBBA}.Debug|Any CPU.ActiveCfg = Debug|Any CPU
		{E54BF658-1C90-4E23-A681-B8E739E1BBBA}.Debug|Any CPU.Build.0 = Debug|Any CPU
		{E54BF658-1C90-4E23-A681-B8E739E1BBBA}.Release|Any CPU.ActiveCfg = Release|Any CPU
		{E54BF658-1C90-4E23-A681-B8E739E1BBBA}.Release|Any CPU.Build.0 = Release|Any CPU
	EndGlobalSection
	GlobalSection(SolutionProperties) = preSolution
		HideSolutionNode = FALSE
	EndGlobalSection
	GlobalSection(ExtensibilityGlobals) = postSolution
		SolutionGuid = {23DEC6F4-5D7C-44DE-BA84-0C03CC15C969}
	EndGlobalSection
EndGlobal
