
Microsoft Visual Studio Solution File, Format Version 12.00
# Visual Studio Version 17
VisualStudioVersion = 17.3.32929.385
MinimumVisualStudioVersion = 10.0.40219.1
Project("{FAE04EC0-301F-11D3-BF4B-00C04F79EFBC}") = "Testing CodeWars", "Testing CodeWars\Testing CodeWars.csproj", "{19AF0DE8-ABAB-4FB0-A4FF-A02E84E2BE98}"
EndProject
Global
	GlobalSection(SolutionConfigurationPlatforms) = preSolution
		Debug|Any CPU = Debug|Any CPU
		Release|Any CPU = Release|Any CPU
	EndGlobalSection
	GlobalSection(ProjectConfigurationPlatforms) = postSolution
		{19AF0DE8-ABAB-4FB0-A4FF-A02E84E2BE98}.Debug|Any CPU.ActiveCfg = Debug|Any CPU
		{19AF0DE8-ABAB-4FB0-A4FF-A02E84E2BE98}.Debug|Any CPU.Build.0 = Debug|Any CPU
		{19AF0DE8-ABAB-4FB0-A4FF-A02E84E2BE98}.Release|Any CPU.ActiveCfg = Release|Any CPU
		{19AF0DE8-ABAB-4FB0-A4FF-A02E84E2BE98}.Release|Any CPU.Build.0 = Release|Any CPU
	EndGlobalSection
	GlobalSection(SolutionProperties) = preSolution
		HideSolutionNode = FALSE
	EndGlobalSection
	GlobalSection(ExtensibilityGlobals) = postSolution
		SolutionGuid = {3664A273-2116-4492-B573-FCC2122AB0E6}
	EndGlobalSection
EndGlobal
