
Microsoft Visual Studio Solution File, Format Version 12.00
# Visual Studio Version 17
VisualStudioVersion = 17.3.32922.545
MinimumVisualStudioVersion = 10.0.40219.1
Project("{FAE04EC0-301F-11D3-BF4B-00C04F79EFBC}") = "Method_Experimenting", "Method_Experimenting\Method_Experimenting.csproj", "{9ED8E97C-E688-4A40-B4A1-28C4299F2F47}"
EndProject
Global
	GlobalSection(SolutionConfigurationPlatforms) = preSolution
		Debug|Any CPU = Debug|Any CPU
		Release|Any CPU = Release|Any CPU
	EndGlobalSection
	GlobalSection(ProjectConfigurationPlatforms) = postSolution
		{9ED8E97C-E688-4A40-B4A1-28C4299F2F47}.Debug|Any CPU.ActiveCfg = Debug|Any CPU
		{9ED8E97C-E688-4A40-B4A1-28C4299F2F47}.Debug|Any CPU.Build.0 = Debug|Any CPU
		{9ED8E97C-E688-4A40-B4A1-28C4299F2F47}.Release|Any CPU.ActiveCfg = Release|Any CPU
		{9ED8E97C-E688-4A40-B4A1-28C4299F2F47}.Release|Any CPU.Build.0 = Release|Any CPU
	EndGlobalSection
	GlobalSection(SolutionProperties) = preSolution
		HideSolutionNode = FALSE
	EndGlobalSection
	GlobalSection(ExtensibilityGlobals) = postSolution
		SolutionGuid = {63C52478-0423-4645-915F-7B8522FDCA02}
	EndGlobalSection
EndGlobal
